
Microsoft Visual Studio Solution File, Format Version 12.00
# Visual Studio Version 17
VisualStudioVersion = 17.3.32922.545
MinimumVisualStudioVersion = 10.0.40219.1
Project("{2150E333-8FDC-42A3-9474-1A3956D46DE8}") = "Source", "Source", "{226E1E02-F78F-47D0-A080-9EF87786A16E}"
EndProject
Project("{2150E333-8FDC-42A3-9474-1A3956D46DE8}") = "KafkaConfiguration", "KafkaConfiguration", "{691ABF03-2E91-4978-8540-89581056392F}"
EndProject
Project("{9A19103F-16F7-4668-BE54-9A1E7A4F7556}") = "DotNetConfluentKafka", "Source\DotNetConfluentKafka\DotNetConfluentKafka.csproj", "{785551E6-C031-45FA-B7B4-E10DA0499095}"
EndProject
Project("{FAE04EC0-301F-11D3-BF4B-00C04F79EFBC}") = "SaslScram", "KafkaConfiguration\SaslScram\SaslScram.csproj", "{F3210A4D-0F15-4C40-9202-F794A107B749}"
EndProject
Global
	GlobalSection(SolutionConfigurationPlatforms) = preSolution
		Debug|Any CPU = Debug|Any CPU
		Release|Any CPU = Release|Any CPU
	EndGlobalSection
	GlobalSection(ProjectConfigurationPlatforms) = postSolution
		{785551E6-C031-45FA-B7B4-E10DA0499095}.Debug|Any CPU.ActiveCfg = Debug|Any CPU
		{785551E6-C031-45FA-B7B4-E10DA0499095}.Debug|Any CPU.Build.0 = Debug|Any CPU
		{785551E6-C031-45FA-B7B4-E10DA0499095}.Release|Any CPU.ActiveCfg = Release|Any CPU
		{785551E6-C031-45FA-B7B4-E10DA0499095}.Release|Any CPU.Build.0 = Release|Any CPU
		{F3210A4D-0F15-4C40-9202-F794A107B749}.Debug|Any CPU.ActiveCfg = Debug|Any CPU
		{F3210A4D-0F15-4C40-9202-F794A107B749}.Debug|Any CPU.Build.0 = Debug|Any CPU
		{F3210A4D-0F15-4C40-9202-F794A107B749}.Release|Any CPU.ActiveCfg = Release|Any CPU
		{F3210A4D-0F15-4C40-9202-F794A107B749}.Release|Any CPU.Build.0 = Release|Any CPU
	EndGlobalSection
	GlobalSection(SolutionProperties) = preSolution
		HideSolutionNode = FALSE
	EndGlobalSection
	GlobalSection(NestedProjects) = preSolution
		{785551E6-C031-45FA-B7B4-E10DA0499095} = {226E1E02-F78F-47D0-A080-9EF87786A16E}
		{F3210A4D-0F15-4C40-9202-F794A107B749} = {691ABF03-2E91-4978-8540-89581056392F}
	EndGlobalSection
	GlobalSection(ExtensibilityGlobals) = postSolution
		SolutionGuid = {22DD6E15-A902-43B0-9588-7B04BA2E4F0B}
	EndGlobalSection
EndGlobal
